
Microsoft Visual Studio Solution File, Format Version 12.00
# Visual Studio Version 17
VisualStudioVersion = 17.2.32526.322
MinimumVisualStudioVersion = 10.0.40219.1
Project("{FAE04EC0-301F-11D3-BF4B-00C04F79EFBC}") = "Labirent_Oyunu_WinFormsApp", "Labirent_Oyunu_WinFormsApp\Labirent_Oyunu_WinFormsApp.csproj", "{58E231C6-7D8A-489E-B38C-791D3E9A7625}"
EndProject
Global
	GlobalSection(SolutionConfigurationPlatforms) = preSolution
		Debug|Any CPU = Debug|Any CPU
		Release|Any CPU = Release|Any CPU
	EndGlobalSection
	GlobalSection(ProjectConfigurationPlatforms) = postSolution
		{58E231C6-7D8A-489E-B38C-791D3E9A7625}.Debug|Any CPU.ActiveCfg = Debug|Any CPU
		{58E231C6-7D8A-489E-B38C-791D3E9A7625}.Debug|Any CPU.Build.0 = Debug|Any CPU
		{58E231C6-7D8A-489E-B38C-791D3E9A7625}.Release|Any CPU.ActiveCfg = Release|Any CPU
		{58E231C6-7D8A-489E-B38C-791D3E9A7625}.Release|Any CPU.Build.0 = Release|Any CPU
	EndGlobalSection
	GlobalSection(SolutionProperties) = preSolution
		HideSolutionNode = FALSE
	EndGlobalSection
	GlobalSection(ExtensibilityGlobals) = postSolution
		SolutionGuid = {FF7B64FC-8A3A-49A1-98C0-CA8035524B07}
	EndGlobalSection
EndGlobal
